Microsoft Visual Studio Solution File, Format Version 12.00
# Visual Studio 2012
Project("{FAE04EC0-301F-11D3-BF4B-00C04F79EFBC}") = "Pongo", "Pongo.csproj", "{D6A71DF9-C618-47B6-9BCD-330C04EDE3B9}"
EndProject
Global
	GlobalSection(SolutionConfigurationPlatforms) = preSolution
	Debug|Any CPU = Debug|Any CPU
	ExportDebug|Any CPU = ExportDebug|Any CPU
	ExportRelease|Any CPU = ExportRelease|Any CPU
	EndGlobalSection
	GlobalSection(ProjectConfigurationPlatforms) = postSolution
		{D6A71DF9-C618-47B6-9BCD-330C04EDE3B9}.Debug|Any CPU.ActiveCfg = Debug|Any CPU
		{D6A71DF9-C618-47B6-9BCD-330C04EDE3B9}.Debug|Any CPU.Build.0 = Debug|Any CPU
		{D6A71DF9-C618-47B6-9BCD-330C04EDE3B9}.ExportDebug|Any CPU.ActiveCfg = ExportDebug|Any CPU
		{D6A71DF9-C618-47B6-9BCD-330C04EDE3B9}.ExportDebug|Any CPU.Build.0 = ExportDebug|Any CPU
		{D6A71DF9-C618-47B6-9BCD-330C04EDE3B9}.ExportRelease|Any CPU.ActiveCfg = ExportRelease|Any CPU
		{D6A71DF9-C618-47B6-9BCD-330C04EDE3B9}.ExportRelease|Any CPU.Build.0 = ExportRelease|Any CPU
	EndGlobalSection
EndGlobal
